{
  "version": 4,
  "terraform_version": "1.1.5",
  "serial": 70,
  "lineage": "6e0296c5-c310-75a8-cd4f-e8947f343ea2",
  "outputs": {
    "external_ip_address_node01": {
      "value": "51.250.15.79",
      "type": "string"
    },
    "external_ip_address_node02": {
      "value": "51.250.3.211",
      "type": "string"
    },
    "external_ip_address_node03": {
      "value": "51.250.8.246",
      "type": "string"
    },
    "external_ip_address_node04": {
      "value": "51.250.7.146",
      "type": "string"
    },
    "external_ip_address_node05": {
      "value": "51.250.3.180",
      "type": "string"
    },
    "external_ip_address_node06": {
      "value": "51.250.12.112",
      "type": "string"
    },
    "internal_ip_address_node01": {
      "value": "192.168.101.11",
      "type": "string"
    },
    "internal_ip_address_node02": {
      "value": "192.168.101.12",
      "type": "string"
    },
    "internal_ip_address_node03": {
      "value": "192.168.101.13",
      "type": "string"
    },
    "internal_ip_address_node04": {
      "value": "192.168.101.14",
      "type": "string"
    },
    "internal_ip_address_node05": {
      "value": "192.168.101.15",
      "type": "string"
    },
    "internal_ip_address_node06": {
      "value": "192.168.101.16",
      "type": "string"
    }
  },
  "resources": [
    {
      "mode": "managed",
      "type": "local_file",
      "name": "inventory",
      "provider": "provider[\"registry.terraform.io/hashicorp/local\"]",
      "instances": [
        {
          "schema_version": 0,
          "attributes": {
            "content": "# Ansible inventory containing variable values from Terraform.\r\n# Generated by Terraform.\r\n\r\n[nodes:children]\r\nmanagers\r\nworkers\r\n\r\n[managers:children]\r\nactive\r\nstandby\r\n\r\n[active]\r\nnode01.netology.yc ansible_host=51.250.15.79\r\n\r\n[standby]\r\nnode02.netology.yc ansible_host=51.250.3.211\r\nnode03.netology.yc ansible_host=51.250.8.246\r\n\r\n[workers]\r\nnode04.netology.yc ansible_host=51.250.7.146\r\nnode05.netology.yc ansible_host=51.250.3.180\r\nnode06.netology.yc ansible_host=51.250.12.112\r\n",
            "content_base64": null,
            "directory_permission": "0777",
            "file_permission": "0777",
            "filename": "../ansible/inventory",
            "id": "12e225394fa2e8765cc32fbe6177231d833c5229",
            "sensitive_content": null,
            "source": null
          },
          "sensitive_attributes": [],
          "private": "bnVsbA==",
          "dependencies": [
            "yandex_compute_instance.node01",
            "yandex_compute_instance.node02",
            "yandex_compute_instance.node03",
            "yandex_compute_instance.node04",
            "yandex_compute_instance.node05",
            "yandex_compute_instance.node06",
            "yandex_vpc_subnet.default"
          ]
        }
      ]
    },
    {
      "mode": "managed",
      "type": "null_resource",
      "name": "cluster",
      "provider": "provider[\"registry.terraform.io/hashicorp/null\"]",
      "instances": []
    },
    {
      "mode": "managed",
      "type": "null_resource",
      "name": "monitoring",
      "provider": "provider[\"registry.terraform.io/hashicorp/null\"]",
      "instances": []
    },
    {
      "mode": "managed",
      "type": "null_resource",
      "name": "sync",
      "provider": "provider[\"registry.terraform.io/hashicorp/null\"]",
      "instances": []
    },
    {
      "mode": "managed",
      "type": "null_resource",
      "name": "wait",
      "provider": "provider[\"registry.terraform.io/hashicorp/null\"]",
      "instances": [
        {
          "status": "tainted",
          "schema_version": 0,
          "attributes": {
            "id": "3157476421611840207",
            "triggers": null
          },
          "sensitive_attributes": [],
          "private": "bnVsbA==",
          "dependencies": [
            "local_file.inventory",
            "yandex_compute_instance.node01",
            "yandex_compute_instance.node02",
            "yandex_compute_instance.node03",
            "yandex_compute_instance.node04",
            "yandex_compute_instance.node05",
            "yandex_compute_instance.node06",
            "yandex_vpc_subnet.default"
          ]
        }
      ]
    },
    {
      "mode": "managed",
      "type": "yandex_compute_instance",
      "name": "node01",
      "provider": "provider[\"registry.terraform.io/yandex-cloud/yandex\"]",
      "instances": [
        {
          "schema_version": 1,
          "attributes": {
            "allow_stopping_for_update": true,
            "boot_disk": [
              {
                "auto_delete": true,
                "device_name": "fhmpotu9jf5nlg62i267",
                "disk_id": "fhmpotu9jf5nlg62i267",
                "initialize_params": [
                  {
                    "block_size": 4096,
                    "description": "",
                    "image_id": "fd85nek9qm6vnjrk3ndg",
                    "name": "root-node01",
                    "size": 10,
                    "snapshot_id": "",
                    "type": "network-ssd"
                  }
                ],
                "mode": "READ_WRITE"
              }
            ],
            "created_at": "2022-03-19T21:44:12Z",
            "description": "",
            "folder_id": "b1geacn1kf4j3otg8hj2",
            "fqdn": "node01.netology.yc",
            "hostname": "node01",
            "id": "fhm8jp3emfs76j4dudvt",
            "labels": null,
            "metadata": {
              "ssh-keys": "centos:ssh-rsa AAAAB3NzaC1yc2EAAAADAQABAAABgQC8YJABPVdB9KWN3uoPzlRNVQJx+zDTsdqC3lMIzKWQGtlkI5Yi2p/0g+N12D+RQuHR+thL6WuVIsaLkmHEbogPh2jpW+lOuK5v8nWWz1A8itRUXxKYEYhdBO7r0AxfVKEpPA62ZiOsIIEIO2v3Jfez/GpKtVG4c8H7Lu4A2R7iLmgo2RjHM478Bo9Sz127cgm8uW5WIHs9xa2j6m4tlE03jwSZzdfEMex9e0BV5QOAqFdupkZoVpq84sA0wQ87n3Wm7zXGHo5ERY4kY188P014KL+aTLXkRwZSavnppyq0TaEaqRgLMK/Mp9uToS49npbXamJhJ6ll6PwSOq4oJxdhnC5HlvwQm+jbUubCQP6Low6SbqUmlK1OQtADfNKqhNmVCakMKvEmPP9vyM+3M0wJGZwWIho/ymwmCTm0AOL5Fk/cVPy6ip+M2Ut1knEshIcEneGP+xXQElheTCmsfcWTnAyKI4t+Z4HISy1uIkw+v/e/DBrX9mACLlhG4Jucx2s= homopoluza@gmail.com\n"
            },
            "name": "node01",
            "network_acceleration_type": "standard",
            "network_interface": [
              {
                "dns_record": [],
                "index": 0,
                "ip_address": "192.168.101.11",
                "ipv4": true,
                "ipv6": false,
                "ipv6_address": "",
                "ipv6_dns_record": [],
                "mac_address": "d0:0d:89:e4:6e:b3",
                "nat": true,
                "nat_dns_record": [],
                "nat_ip_address": "51.250.15.79",
                "nat_ip_version": "IPV4",
                "security_group_ids": [],
                "subnet_id": "e9b9flg821usq61tpbbs"
              }
            ],
            "placement_policy": [
              {
                "placement_group_id": ""
              }
            ],
            "platform_id": "standard-v1",
            "resources": [
              {
                "core_fraction": 100,
                "cores": 4,
                "gpus": 0,
                "memory": 8
              }
            ],
            "scheduling_policy": [
              {
                "preemptible": false
              }
            ],
            "secondary_disk": [],
            "service_account_id": "",
            "status": "running",
            "timeouts": null,
            "zone": "ru-central1-a"
          },
          "sensitive_attributes": [],
          "private": "eyJlMmJmYjczMC1lY2FhLTExZTYtOGY4OC0zNDM2M2JjN2M0YzAiOnsiY3JlYXRlIjozMDAwMDAwMDAwMDAsImRlbGV0ZSI6MzAwMDAwMDAwMDAwLCJ1cGRhdGUiOjMwMDAwMDAwMDAwMH0sInNjaGVtYV92ZXJzaW9uIjoiMSJ9",
          "dependencies": [
            "yandex_vpc_subnet.default"
          ]
        }
      ]
    },
    {
      "mode": "managed",
      "type": "yandex_compute_instance",
      "name": "node02",
      "provider": "provider[\"registry.terraform.io/yandex-cloud/yandex\"]",
      "instances": [
        {
          "schema_version": 1,
          "attributes": {
            "allow_stopping_for_update": true,
            "boot_disk": [
              {
                "auto_delete": true,
                "device_name": "fhm7mu1fjmvo1cjj1jck",
                "disk_id": "fhm7mu1fjmvo1cjj1jck",
                "initialize_params": [
                  {
                    "block_size": 4096,
                    "description": "",
                    "image_id": "fd85nek9qm6vnjrk3ndg",
                    "name": "root-node02",
                    "size": 10,
                    "snapshot_id": "",
                    "type": "network-ssd"
                  }
                ],
                "mode": "READ_WRITE"
              }
            ],
            "created_at": "2022-03-19T21:44:15Z",
            "description": "",
            "folder_id": "b1geacn1kf4j3otg8hj2",
            "fqdn": "node02.netology.yc",
            "hostname": "node02",
            "id": "fhmdu2tfldppa0ovfmid",
            "labels": null,
            "metadata": {
              "ssh-keys": "centos:ssh-rsa AAAAB3NzaC1yc2EAAAADAQABAAABgQC8YJABPVdB9KWN3uoPzlRNVQJx+zDTsdqC3lMIzKWQGtlkI5Yi2p/0g+N12D+RQuHR+thL6WuVIsaLkmHEbogPh2jpW+lOuK5v8nWWz1A8itRUXxKYEYhdBO7r0AxfVKEpPA62ZiOsIIEIO2v3Jfez/GpKtVG4c8H7Lu4A2R7iLmgo2RjHM478Bo9Sz127cgm8uW5WIHs9xa2j6m4tlE03jwSZzdfEMex9e0BV5QOAqFdupkZoVpq84sA0wQ87n3Wm7zXGHo5ERY4kY188P014KL+aTLXkRwZSavnppyq0TaEaqRgLMK/Mp9uToS49npbXamJhJ6ll6PwSOq4oJxdhnC5HlvwQm+jbUubCQP6Low6SbqUmlK1OQtADfNKqhNmVCakMKvEmPP9vyM+3M0wJGZwWIho/ymwmCTm0AOL5Fk/cVPy6ip+M2Ut1knEshIcEneGP+xXQElheTCmsfcWTnAyKI4t+Z4HISy1uIkw+v/e/DBrX9mACLlhG4Jucx2s= homopoluza@gmail.com\n"
            },
            "name": "node02",
            "network_acceleration_type": "standard",
            "network_interface": [
              {
                "dns_record": [],
                "index": 0,
                "ip_address": "192.168.101.12",
                "ipv4": true,
                "ipv6": false,
                "ipv6_address": "",
                "ipv6_dns_record": [],
                "mac_address": "d0:0d:df:0b:af:ab",
                "nat": true,
                "nat_dns_record": [],
                "nat_ip_address": "51.250.3.211",
                "nat_ip_version": "IPV4",
                "security_group_ids": [],
                "subnet_id": "e9b9flg821usq61tpbbs"
              }
            ],
            "placement_policy": [
              {
                "placement_group_id": ""
              }
            ],
            "platform_id": "standard-v1",
            "resources": [
              {
                "core_fraction": 100,
                "cores": 4,
                "gpus": 0,
                "memory": 8
              }
            ],
            "scheduling_policy": [
              {
                "preemptible": false
              }
            ],
            "secondary_disk": [],
            "service_account_id": "",
            "status": "running",
            "timeouts": null,
            "zone": "ru-central1-a"
          },
          "sensitive_attributes": [],
          "private": "eyJlMmJmYjczMC1lY2FhLTExZTYtOGY4OC0zNDM2M2JjN2M0YzAiOnsiY3JlYXRlIjozMDAwMDAwMDAwMDAsImRlbGV0ZSI6MzAwMDAwMDAwMDAwLCJ1cGRhdGUiOjMwMDAwMDAwMDAwMH0sInNjaGVtYV92ZXJzaW9uIjoiMSJ9",
          "dependencies": [
            "yandex_vpc_subnet.default"
          ]
        }
      ]
    },
    {
      "mode": "managed",
      "type": "yandex_compute_instance",
      "name": "node03",
      "provider": "provider[\"registry.terraform.io/yandex-cloud/yandex\"]",
      "instances": [
        {
          "schema_version": 1,
          "attributes": {
            "allow_stopping_for_update": true,
            "boot_disk": [
              {
                "auto_delete": true,
                "device_name": "fhm1copk6b48kfhgn0bd",
                "disk_id": "fhm1copk6b48kfhgn0bd",
                "initialize_params": [
                  {
                    "block_size": 4096,
                    "description": "",
                    "image_id": "fd85nek9qm6vnjrk3ndg",
                    "name": "root-node03",
                    "size": 10,
                    "snapshot_id": "",
                    "type": "network-ssd"
                  }
                ],
                "mode": "READ_WRITE"
              }
            ],
            "created_at": "2022-03-19T21:44:17Z",
            "description": "",
            "folder_id": "b1geacn1kf4j3otg8hj2",
            "fqdn": "node03.netology.yc",
            "hostname": "node03",
            "id": "fhmcs36eergu4avur8sh",
            "labels": null,
            "metadata": {
              "ssh-keys": "centos:ssh-rsa AAAAB3NzaC1yc2EAAAADAQABAAABgQC8YJABPVdB9KWN3uoPzlRNVQJx+zDTsdqC3lMIzKWQGtlkI5Yi2p/0g+N12D+RQuHR+thL6WuVIsaLkmHEbogPh2jpW+lOuK5v8nWWz1A8itRUXxKYEYhdBO7r0AxfVKEpPA62ZiOsIIEIO2v3Jfez/GpKtVG4c8H7Lu4A2R7iLmgo2RjHM478Bo9Sz127cgm8uW5WIHs9xa2j6m4tlE03jwSZzdfEMex9e0BV5QOAqFdupkZoVpq84sA0wQ87n3Wm7zXGHo5ERY4kY188P014KL+aTLXkRwZSavnppyq0TaEaqRgLMK/Mp9uToS49npbXamJhJ6ll6PwSOq4oJxdhnC5HlvwQm+jbUubCQP6Low6SbqUmlK1OQtADfNKqhNmVCakMKvEmPP9vyM+3M0wJGZwWIho/ymwmCTm0AOL5Fk/cVPy6ip+M2Ut1knEshIcEneGP+xXQElheTCmsfcWTnAyKI4t+Z4HISy1uIkw+v/e/DBrX9mACLlhG4Jucx2s= homopoluza@gmail.com\n"
            },
            "name": "node03",
            "network_acceleration_type": "standard",
            "network_interface": [
              {
                "dns_record": [],
                "index": 0,
                "ip_address": "192.168.101.13",
                "ipv4": true,
                "ipv6": false,
                "ipv6_address": "",
                "ipv6_dns_record": [],
                "mac_address": "d0:0d:ce:0c:ce:76",
                "nat": true,
                "nat_dns_record": [],
                "nat_ip_address": "51.250.8.246",
                "nat_ip_version": "IPV4",
                "security_group_ids": [],
                "subnet_id": "e9b9flg821usq61tpbbs"
              }
            ],
            "placement_policy": [
              {
                "placement_group_id": ""
              }
            ],
            "platform_id": "standard-v1",
            "resources": [
              {
                "core_fraction": 100,
                "cores": 4,
                "gpus": 0,
                "memory": 8
              }
            ],
            "scheduling_policy": [
              {
                "preemptible": false
              }
            ],
            "secondary_disk": [],
            "service_account_id": "",
            "status": "running",
            "timeouts": null,
            "zone": "ru-central1-a"
          },
          "sensitive_attributes": [],
          "private": "eyJlMmJmYjczMC1lY2FhLTExZTYtOGY4OC0zNDM2M2JjN2M0YzAiOnsiY3JlYXRlIjozMDAwMDAwMDAwMDAsImRlbGV0ZSI6MzAwMDAwMDAwMDAwLCJ1cGRhdGUiOjMwMDAwMDAwMDAwMH0sInNjaGVtYV92ZXJzaW9uIjoiMSJ9",
          "dependencies": [
            "yandex_vpc_subnet.default"
          ]
        }
      ]
    },
    {
      "mode": "managed",
      "type": "yandex_compute_instance",
      "name": "node04",
      "provider": "provider[\"registry.terraform.io/yandex-cloud/yandex\"]",
      "instances": [
        {
          "schema_version": 1,
          "attributes": {
            "allow_stopping_for_update": true,
            "boot_disk": [
              {
                "auto_delete": true,
                "device_name": "fhm43fliae71bfgjddur",
                "disk_id": "fhm43fliae71bfgjddur",
                "initialize_params": [
                  {
                    "block_size": 4096,
                    "description": "",
                    "image_id": "fd85nek9qm6vnjrk3ndg",
                    "name": "root-node04",
                    "size": 40,
                    "snapshot_id": "",
                    "type": "network-ssd"
                  }
                ],
                "mode": "READ_WRITE"
              }
            ],
            "created_at": "2022-03-19T21:44:13Z",
            "description": "",
            "folder_id": "b1geacn1kf4j3otg8hj2",
            "fqdn": "node04.netology.yc",
            "hostname": "node04",
            "id": "fhm32q33j23s63e0958p",
            "labels": null,
            "metadata": {
              "ssh-keys": "centos:ssh-rsa AAAAB3NzaC1yc2EAAAADAQABAAABgQC8YJABPVdB9KWN3uoPzlRNVQJx+zDTsdqC3lMIzKWQGtlkI5Yi2p/0g+N12D+RQuHR+thL6WuVIsaLkmHEbogPh2jpW+lOuK5v8nWWz1A8itRUXxKYEYhdBO7r0AxfVKEpPA62ZiOsIIEIO2v3Jfez/GpKtVG4c8H7Lu4A2R7iLmgo2RjHM478Bo9Sz127cgm8uW5WIHs9xa2j6m4tlE03jwSZzdfEMex9e0BV5QOAqFdupkZoVpq84sA0wQ87n3Wm7zXGHo5ERY4kY188P014KL+aTLXkRwZSavnppyq0TaEaqRgLMK/Mp9uToS49npbXamJhJ6ll6PwSOq4oJxdhnC5HlvwQm+jbUubCQP6Low6SbqUmlK1OQtADfNKqhNmVCakMKvEmPP9vyM+3M0wJGZwWIho/ymwmCTm0AOL5Fk/cVPy6ip+M2Ut1knEshIcEneGP+xXQElheTCmsfcWTnAyKI4t+Z4HISy1uIkw+v/e/DBrX9mACLlhG4Jucx2s= homopoluza@gmail.com\n"
            },
            "name": "node04",
            "network_acceleration_type": "standard",
            "network_interface": [
              {
                "dns_record": [],
                "index": 0,
                "ip_address": "192.168.101.14",
                "ipv4": true,
                "ipv6": false,
                "ipv6_address": "",
                "ipv6_dns_record": [],
                "mac_address": "d0:0d:31:68:63:98",
                "nat": true,
                "nat_dns_record": [],
                "nat_ip_address": "51.250.7.146",
                "nat_ip_version": "IPV4",
                "security_group_ids": [],
                "subnet_id": "e9b9flg821usq61tpbbs"
              }
            ],
            "placement_policy": [
              {
                "placement_group_id": ""
              }
            ],
            "platform_id": "standard-v1",
            "resources": [
              {
                "core_fraction": 100,
                "cores": 4,
                "gpus": 0,
                "memory": 8
              }
            ],
            "scheduling_policy": [
              {
                "preemptible": false
              }
            ],
            "secondary_disk": [],
            "service_account_id": "",
            "status": "running",
            "timeouts": null,
            "zone": "ru-central1-a"
          },
          "sensitive_attributes": [],
          "private": "eyJlMmJmYjczMC1lY2FhLTExZTYtOGY4OC0zNDM2M2JjN2M0YzAiOnsiY3JlYXRlIjozMDAwMDAwMDAwMDAsImRlbGV0ZSI6MzAwMDAwMDAwMDAwLCJ1cGRhdGUiOjMwMDAwMDAwMDAwMH0sInNjaGVtYV92ZXJzaW9uIjoiMSJ9",
          "dependencies": [
            "yandex_vpc_subnet.default"
          ]
        }
      ]
    },
    {
      "mode": "managed",
      "type": "yandex_compute_instance",
      "name": "node05",
      "provider": "provider[\"registry.terraform.io/yandex-cloud/yandex\"]",
      "instances": [
        {
          "schema_version": 1,
          "attributes": {
            "allow_stopping_for_update": true,
            "boot_disk": [
              {
                "auto_delete": true,
                "device_name": "fhm5lrk3i1l48mfbvrf2",
                "disk_id": "fhm5lrk3i1l48mfbvrf2",
                "initialize_params": [
                  {
                    "block_size": 4096,
                    "description": "",
                    "image_id": "fd85nek9qm6vnjrk3ndg",
                    "name": "root-node05",
                    "size": 40,
                    "snapshot_id": "",
                    "type": "network-ssd"
                  }
                ],
                "mode": "READ_WRITE"
              }
            ],
            "created_at": "2022-03-19T21:44:17Z",
            "description": "",
            "folder_id": "b1geacn1kf4j3otg8hj2",
            "fqdn": "node05.netology.yc",
            "hostname": "node05",
            "id": "fhmcg1urbir90hifk5p0",
            "labels": null,
            "metadata": {
              "ssh-keys": "centos:ssh-rsa AAAAB3NzaC1yc2EAAAADAQABAAABgQC8YJABPVdB9KWN3uoPzlRNVQJx+zDTsdqC3lMIzKWQGtlkI5Yi2p/0g+N12D+RQuHR+thL6WuVIsaLkmHEbogPh2jpW+lOuK5v8nWWz1A8itRUXxKYEYhdBO7r0AxfVKEpPA62ZiOsIIEIO2v3Jfez/GpKtVG4c8H7Lu4A2R7iLmgo2RjHM478Bo9Sz127cgm8uW5WIHs9xa2j6m4tlE03jwSZzdfEMex9e0BV5QOAqFdupkZoVpq84sA0wQ87n3Wm7zXGHo5ERY4kY188P014KL+aTLXkRwZSavnppyq0TaEaqRgLMK/Mp9uToS49npbXamJhJ6ll6PwSOq4oJxdhnC5HlvwQm+jbUubCQP6Low6SbqUmlK1OQtADfNKqhNmVCakMKvEmPP9vyM+3M0wJGZwWIho/ymwmCTm0AOL5Fk/cVPy6ip+M2Ut1knEshIcEneGP+xXQElheTCmsfcWTnAyKI4t+Z4HISy1uIkw+v/e/DBrX9mACLlhG4Jucx2s= homopoluza@gmail.com\n"
            },
            "name": "node05",
            "network_acceleration_type": "standard",
            "network_interface": [
              {
                "dns_record": [],
                "index": 0,
                "ip_address": "192.168.101.15",
                "ipv4": true,
                "ipv6": false,
                "ipv6_address": "",
                "ipv6_dns_record": [],
                "mac_address": "d0:0d:c8:07:db:5c",
                "nat": true,
                "nat_dns_record": [],
                "nat_ip_address": "51.250.3.180",
                "nat_ip_version": "IPV4",
                "security_group_ids": [],
                "subnet_id": "e9b9flg821usq61tpbbs"
              }
            ],
            "placement_policy": [
              {
                "placement_group_id": ""
              }
            ],
            "platform_id": "standard-v1",
            "resources": [
              {
                "core_fraction": 100,
                "cores": 4,
                "gpus": 0,
                "memory": 8
              }
            ],
            "scheduling_policy": [
              {
                "preemptible": false
              }
            ],
            "secondary_disk": [],
            "service_account_id": "",
            "status": "running",
            "timeouts": null,
            "zone": "ru-central1-a"
          },
          "sensitive_attributes": [],
          "private": "eyJlMmJmYjczMC1lY2FhLTExZTYtOGY4OC0zNDM2M2JjN2M0YzAiOnsiY3JlYXRlIjozMDAwMDAwMDAwMDAsImRlbGV0ZSI6MzAwMDAwMDAwMDAwLCJ1cGRhdGUiOjMwMDAwMDAwMDAwMH0sInNjaGVtYV92ZXJzaW9uIjoiMSJ9",
          "dependencies": [
            "yandex_vpc_subnet.default"
          ]
        }
      ]
    },
    {
      "mode": "managed",
      "type": "yandex_compute_instance",
      "name": "node06",
      "provider": "provider[\"registry.terraform.io/yandex-cloud/yandex\"]",
      "instances": [
        {
          "schema_version": 1,
          "attributes": {
            "allow_stopping_for_update": true,
            "boot_disk": [
              {
                "auto_delete": true,
                "device_name": "fhmm3jcmfqoii2hh3qgr",
                "disk_id": "fhmm3jcmfqoii2hh3qgr",
                "initialize_params": [
                  {
                    "block_size": 4096,
                    "description": "",
                    "image_id": "fd85nek9qm6vnjrk3ndg",
                    "name": "root-node06",
                    "size": 40,
                    "snapshot_id": "",
                    "type": "network-ssd"
                  }
                ],
                "mode": "READ_WRITE"
              }
            ],
            "created_at": "2022-03-19T21:44:13Z",
            "description": "",
            "folder_id": "b1geacn1kf4j3otg8hj2",
            "fqdn": "node06.netology.yc",
            "hostname": "node06",
            "id": "fhmdegmck60mje9duu6o",
            "labels": null,
            "metadata": {
              "ssh-keys": "centos:ssh-rsa AAAAB3NzaC1yc2EAAAADAQABAAABgQC8YJABPVdB9KWN3uoPzlRNVQJx+zDTsdqC3lMIzKWQGtlkI5Yi2p/0g+N12D+RQuHR+thL6WuVIsaLkmHEbogPh2jpW+lOuK5v8nWWz1A8itRUXxKYEYhdBO7r0AxfVKEpPA62ZiOsIIEIO2v3Jfez/GpKtVG4c8H7Lu4A2R7iLmgo2RjHM478Bo9Sz127cgm8uW5WIHs9xa2j6m4tlE03jwSZzdfEMex9e0BV5QOAqFdupkZoVpq84sA0wQ87n3Wm7zXGHo5ERY4kY188P014KL+aTLXkRwZSavnppyq0TaEaqRgLMK/Mp9uToS49npbXamJhJ6ll6PwSOq4oJxdhnC5HlvwQm+jbUubCQP6Low6SbqUmlK1OQtADfNKqhNmVCakMKvEmPP9vyM+3M0wJGZwWIho/ymwmCTm0AOL5Fk/cVPy6ip+M2Ut1knEshIcEneGP+xXQElheTCmsfcWTnAyKI4t+Z4HISy1uIkw+v/e/DBrX9mACLlhG4Jucx2s= homopoluza@gmail.com\n"
            },
            "name": "node06",
            "network_acceleration_type": "standard",
            "network_interface": [
              {
                "dns_record": [],
                "index": 0,
                "ip_address": "192.168.101.16",
                "ipv4": true,
                "ipv6": false,
                "ipv6_address": "",
                "ipv6_dns_record": [],
                "mac_address": "d0:0d:d7:42:cc:a1",
                "nat": true,
                "nat_dns_record": [],
                "nat_ip_address": "51.250.12.112",
                "nat_ip_version": "IPV4",
                "security_group_ids": [],
                "subnet_id": "e9b9flg821usq61tpbbs"
              }
            ],
            "placement_policy": [
              {
                "placement_group_id": ""
              }
            ],
            "platform_id": "standard-v1",
            "resources": [
              {
                "core_fraction": 100,
                "cores": 4,
                "gpus": 0,
                "memory": 8
              }
            ],
            "scheduling_policy": [
              {
                "preemptible": false
              }
            ],
            "secondary_disk": [],
            "service_account_id": "",
            "status": "running",
            "timeouts": null,
            "zone": "ru-central1-a"
          },
          "sensitive_attributes": [],
          "private": "eyJlMmJmYjczMC1lY2FhLTExZTYtOGY4OC0zNDM2M2JjN2M0YzAiOnsiY3JlYXRlIjozMDAwMDAwMDAwMDAsImRlbGV0ZSI6MzAwMDAwMDAwMDAwLCJ1cGRhdGUiOjMwMDAwMDAwMDAwMH0sInNjaGVtYV92ZXJzaW9uIjoiMSJ9",
          "dependencies": [
            "yandex_vpc_subnet.default"
          ]
        }
      ]
    },
    {
      "mode": "managed",
      "type": "yandex_vpc_network",
      "name": "default",
      "provider": "provider[\"registry.terraform.io/yandex-cloud/yandex\"]",
      "instances": [
        {
          "schema_version": 0,
          "attributes": {
            "created_at": "2022-03-19T21:12:43Z",
            "default_security_group_id": "",
            "description": "",
            "folder_id": "b1geacn1kf4j3otg8hj2",
            "id": "enpjl9idcbk8ugqqg476",
            "labels": {},
            "name": "net",
            "subnet_ids": [
              "e9b9flg821usq61tpbbs"
            ],
            "timeouts": null
          },
          "sensitive_attributes": [],
          "private": "eyJlMmJmYjczMC1lY2FhLTExZTYtOGY4OC0zNDM2M2JjN2M0YzAiOnsiY3JlYXRlIjo2MDAwMDAwMDAwMCwiZGVsZXRlIjo2MDAwMDAwMDAwMCwidXBkYXRlIjo2MDAwMDAwMDAwMH19"
        }
      ]
    },
    {
      "mode": "managed",
      "type": "yandex_vpc_subnet",
      "name": "default",
      "provider": "provider[\"registry.terraform.io/yandex-cloud/yandex\"]",
      "instances": [
        {
          "schema_version": 0,
          "attributes": {
            "created_at": "2022-03-19T21:12:44Z",
            "description": "",
            "dhcp_options": [],
            "folder_id": "b1geacn1kf4j3otg8hj2",
            "id": "e9b9flg821usq61tpbbs",
            "labels": {},
            "name": "subnet",
            "network_id": "enpjl9idcbk8ugqqg476",
            "route_table_id": "",
            "timeouts": null,
            "v4_cidr_blocks": [
              "192.168.101.0/24"
            ],
            "v6_cidr_blocks": [],
            "zone": "ru-central1-a"
          },
          "sensitive_attributes": [],
          "private": "eyJlMmJmYjczMC1lY2FhLTExZTYtOGY4OC0zNDM2M2JjN2M0YzAiOnsiY3JlYXRlIjoxODAwMDAwMDAwMDAsImRlbGV0ZSI6MTgwMDAwMDAwMDAwLCJ1cGRhdGUiOjE4MDAwMDAwMDAwMH19",
          "dependencies": [
            "yandex_vpc_network.default"
          ]
        }
      ]
    }
  ]
}
